
Microsoft Visual Studio Solution File, Format Version 12.00
# Visual Studio Version 16
VisualStudioVersion = 16.0.33920.266
MinimumVisualStudioVersion = 10.0.40219.1
Project("{2150E333-8FDC-42A3-9474-1A3956D46DE8}") = "doc", "doc", "{2497A0A2-EBE2-4362-B7FC-0F0F81D6DF3E}"
	ProjectSection(SolutionItems) = preProject
		module.txt = module.txt
		Setting.props = Setting.props
	EndProjectSection
EndProject
Project("{8BC9CEB8-8B4A-11D0-8D11-00A0C91BC942}") = "EmulatorPkg", "EmulatorPkg\Win\VS2019\VS2019.vcxproj", "{2ACFC579-4A8B-49BF-AA3B-9ACC1023FDCD}"
EndProject
Project("{8BC9CEB8-8B4A-11D0-8D11-00A0C91BC942}") = "OvmfPkg", "OvmfPkg\Win\OvmfPkg\OvmfPkg.vcxproj", "{3DEEFC79-3D56-4885-9648-D2FD9F5CEB65}"
EndProject
Project("{8BC9CEB8-8B4A-11D0-8D11-00A0C91BC942}") = "ArmPkg", "ArmPkg\Win\ArmPkg\ArmPkg.vcxproj", "{55BB8BBB-F0F1-415E-8274-40BC4CD57D13}"
EndProject
Project("{8BC9CEB8-8B4A-11D0-8D11-00A0C91BC942}") = "CryptoPkg", "CryptoPkg\Win\CryptoPkg\CryptoPkg.vcxproj", "{0CB90658-B5AA-4E3C-BA18-3E3C0DADE804}"
EndProject
Project("{8BC9CEB8-8B4A-11D0-8D11-00A0C91BC942}") = "MdePkg", "MdePkg\Win\MdePkg\MdePkg.vcxproj", "{8974F87B-F428-42EB-8D8D-21EDDC248F02}"
EndProject
Project("{8BC9CEB8-8B4A-11D0-8D11-00A0C91BC942}") = "FatPkg", "FatPkg\Win\FatPkg\FatPkg.vcxproj", "{3ED5E06B-42B7-4686-BC39-A65FCD1A3C75}"
EndProject
Project("{8BC9CEB8-8B4A-11D0-8D11-00A0C91BC942}") = "DynamicTablesPkg", "DynamicTablesPkg\Win\DynamicTablesPkg\DynamicTablesPkg.vcxproj", "{EB7C3B11-A8CB-40C9-83B7-8D74470E29FB}"
EndProject
Project("{8BC9CEB8-8B4A-11D0-8D11-00A0C91BC942}") = "EmbeddedPkg", "EmbeddedPkg\Win\EmbeddedPkg\EmbeddedPkg.vcxproj", "{07A12917-0FBC-4552-A57F-02D0A35312EB}"
EndProject
Project("{2150E333-8FDC-42A3-9474-1A3956D46DE8}") = "arm", "arm", "{158429C5-2A04-4058-A99D-4B908F2C0EE9}"
EndProject
Project("{2150E333-8FDC-42A3-9474-1A3956D46DE8}") = "fail", "fail", "{524B3D9C-81D9-4C21-A874-CB9AED0C0089}"
EndProject
Project("{8BC9CEB8-8B4A-11D0-8D11-00A0C91BC942}") = "FmpDevicePkg", "FmpDevicePkg\Win\FmpDevicePkg\FmpDevicePkg.vcxproj", "{5AF4BBC4-9B5A-48A3-972B-502F7743C30A}"
EndProject
Project("{8BC9CEB8-8B4A-11D0-8D11-00A0C91BC942}") = "IntelFsp2Pkg", "IntelFsp2Pkg\Win\IntelFsp2Pkg\IntelFsp2Pkg.vcxproj", "{C600838C-CFB3-4C94-82AD-96F29E42EFB6}"
EndProject
Project("{8BC9CEB8-8B4A-11D0-8D11-00A0C91BC942}") = "IntelFsp2WrapperPkg", "IntelFsp2WrapperPkg\Win\IntelFsp2WrapperPkg\IntelFsp2WrapperPkg.vcxproj", "{2E85C8E9-1308-4648-A65C-C45F10DD0C25}"
EndProject
Project("{8BC9CEB8-8B4A-11D0-8D11-00A0C91BC942}") = "MdeModulePkg", "MdeModulePkg\Win\MdeModulePkg\MdeModulePkg.vcxproj", "{5AB53777-B84B-41BA-B490-0DC6BCB412DB}"
EndProject
Project("{8BC9CEB8-8B4A-11D0-8D11-00A0C91BC942}") = "NetworkPkg", "NetworkPkg\Win\NetworkPkg\NetworkPkg.vcxproj", "{11B5649B-910C-427C-809C-068F49E9544D}"
EndProject
Project("{8BC9CEB8-8B4A-11D0-8D11-00A0C91BC942}") = "PcAtChipsetPkg", "PcAtChipsetPkg\Win\PcAtChipsetPkg\PcAtChipsetPkg.vcxproj", "{7152B15F-76B7-455C-93BD-F44757060329}"
EndProject
Project("{8BC9CEB8-8B4A-11D0-8D11-00A0C91BC942}") = "PrmPkg", "PrmPkg\Win\PrmPkg\PrmPkg.vcxproj", "{5979F64F-77F0-4C4D-9330-332C29C3CD4D}"
EndProject
Project("{8BC9CEB8-8B4A-11D0-8D11-00A0C91BC942}") = "RedfishPkg", "RedfishPkg\Win\RedfishPkg\RedfishPkg.vcxproj", "{BC0453FB-9A4E-4F8C-B3CE-E9C69F45E3D8}"
EndProject
Project("{8BC9CEB8-8B4A-11D0-8D11-00A0C91BC942}") = "SecurityPkg", "SecurityPkg\Win\SecurityPkg\SecurityPkg.vcxproj", "{34556CE7-7A6D-4AB0-9D38-3DB21E090604}"
EndProject
Project("{8BC9CEB8-8B4A-11D0-8D11-00A0C91BC942}") = "ShellPkg", "ShellPkg\Win\ShellPkg\ShellPkg.vcxproj", "{4BCBBA6E-19C0-4294-A030-079E9649FD87}"
EndProject
Project("{8BC9CEB8-8B4A-11D0-8D11-00A0C91BC942}") = "SignedCapsulePkg", "SignedCapsulePkg\Win\SignedCapsulePkg\SignedCapsulePkg.vcxproj", "{512AB233-5AE1-407D-A436-549D40DFB4DA}"
EndProject
Project("{8BC9CEB8-8B4A-11D0-8D11-00A0C91BC942}") = "SourceLevelDebugPkg", "SourceLevelDebugPkg\Win\SourceLevelDebugPkg\SourceLevelDebugPkg.vcxproj", "{E9750A73-1F16-48BD-84B5-52AA6C076F25}"
EndProject
Project("{8BC9CEB8-8B4A-11D0-8D11-00A0C91BC942}") = "StandaloneMmPkg", "StandaloneMmPkg\Win\StandaloneMmPkg\StandaloneMmPkg.vcxproj", "{F73A0FDD-03F6-4FF7-8D8C-989825E23445}"
EndProject
Project("{8BC9CEB8-8B4A-11D0-8D11-00A0C91BC942}") = "UefiCpuPkg", "UefiCpuPkg\Win\UefiCpuPkg\UefiCpuPkg.vcxproj", "{E9D5A1DE-FE8A-4378-9FC8-22549BF9F122}"
EndProject
Project("{8BC9CEB8-8B4A-11D0-8D11-00A0C91BC942}") = "UefiPayloadPkg", "UefiPayloadPkg\Win\UefiPayloadPkg\UefiPayloadPkg.vcxproj", "{EC8D4EBA-ED43-48FE-9C4F-040D7EFA6C5F}"
EndProject
Project("{8BC9CEB8-8B4A-11D0-8D11-00A0C91BC942}") = "UnitTestFrameworkPkg", "UnitTestFrameworkPkg\Win\UnitTestFrameworkPkg\UnitTestFrameworkPkg.vcxproj", "{640ECE68-ACA2-48C4-94E9-CF1ABF0458E4}"
EndProject
Global
	GlobalSection(SolutionConfigurationPlatforms) = preSolution
		Debug|x64 = Debug|x64
		Debug|x86 = Debug|x86
		Release|x64 = Release|x64
		Release|x86 = Release|x86
	EndGlobalSection
	GlobalSection(ProjectConfigurationPlatforms) = postSolution
		{2ACFC579-4A8B-49BF-AA3B-9ACC1023FDCD}.Debug|x64.ActiveCfg = Debug|x64
		{2ACFC579-4A8B-49BF-AA3B-9ACC1023FDCD}.Debug|x64.Build.0 = Debug|x64
		{2ACFC579-4A8B-49BF-AA3B-9ACC1023FDCD}.Debug|x86.ActiveCfg = Debug|Win32
		{2ACFC579-4A8B-49BF-AA3B-9ACC1023FDCD}.Debug|x86.Build.0 = Debug|Win32
		{2ACFC579-4A8B-49BF-AA3B-9ACC1023FDCD}.Release|x64.ActiveCfg = Release|x64
		{2ACFC579-4A8B-49BF-AA3B-9ACC1023FDCD}.Release|x64.Build.0 = Release|x64
		{2ACFC579-4A8B-49BF-AA3B-9ACC1023FDCD}.Release|x86.ActiveCfg = Release|Win32
		{2ACFC579-4A8B-49BF-AA3B-9ACC1023FDCD}.Release|x86.Build.0 = Release|Win32
		{3DEEFC79-3D56-4885-9648-D2FD9F5CEB65}.Debug|x64.ActiveCfg = Debug|x64
		{3DEEFC79-3D56-4885-9648-D2FD9F5CEB65}.Debug|x64.Build.0 = Debug|x64
		{3DEEFC79-3D56-4885-9648-D2FD9F5CEB65}.Debug|x86.ActiveCfg = Debug|Win32
		{3DEEFC79-3D56-4885-9648-D2FD9F5CEB65}.Debug|x86.Build.0 = Debug|Win32
		{3DEEFC79-3D56-4885-9648-D2FD9F5CEB65}.Release|x64.ActiveCfg = Release|x64
		{3DEEFC79-3D56-4885-9648-D2FD9F5CEB65}.Release|x64.Build.0 = Release|x64
		{3DEEFC79-3D56-4885-9648-D2FD9F5CEB65}.Release|x86.ActiveCfg = Release|Win32
		{3DEEFC79-3D56-4885-9648-D2FD9F5CEB65}.Release|x86.Build.0 = Release|Win32
		{55BB8BBB-F0F1-415E-8274-40BC4CD57D13}.Debug|x64.ActiveCfg = Debug|x64
		{55BB8BBB-F0F1-415E-8274-40BC4CD57D13}.Debug|x64.Build.0 = Debug|x64
		{55BB8BBB-F0F1-415E-8274-40BC4CD57D13}.Debug|x86.ActiveCfg = Debug|Win32
		{55BB8BBB-F0F1-415E-8274-40BC4CD57D13}.Debug|x86.Build.0 = Debug|Win32
		{55BB8BBB-F0F1-415E-8274-40BC4CD57D13}.Release|x64.ActiveCfg = Release|x64
		{55BB8BBB-F0F1-415E-8274-40BC4CD57D13}.Release|x64.Build.0 = Release|x64
		{55BB8BBB-F0F1-415E-8274-40BC4CD57D13}.Release|x86.ActiveCfg = Release|Win32
		{55BB8BBB-F0F1-415E-8274-40BC4CD57D13}.Release|x86.Build.0 = Release|Win32
		{0CB90658-B5AA-4E3C-BA18-3E3C0DADE804}.Debug|x64.ActiveCfg = Debug|x64
		{0CB90658-B5AA-4E3C-BA18-3E3C0DADE804}.Debug|x64.Build.0 = Debug|x64
		{0CB90658-B5AA-4E3C-BA18-3E3C0DADE804}.Debug|x86.ActiveCfg = Debug|Win32
		{0CB90658-B5AA-4E3C-BA18-3E3C0DADE804}.Debug|x86.Build.0 = Debug|Win32
		{0CB90658-B5AA-4E3C-BA18-3E3C0DADE804}.Release|x64.ActiveCfg = Release|x64
		{0CB90658-B5AA-4E3C-BA18-3E3C0DADE804}.Release|x64.Build.0 = Release|x64
		{0CB90658-B5AA-4E3C-BA18-3E3C0DADE804}.Release|x86.ActiveCfg = Release|Win32
		{0CB90658-B5AA-4E3C-BA18-3E3C0DADE804}.Release|x86.Build.0 = Release|Win32
		{8974F87B-F428-42EB-8D8D-21EDDC248F02}.Debug|x64.ActiveCfg = Debug|x64
		{8974F87B-F428-42EB-8D8D-21EDDC248F02}.Debug|x64.Build.0 = Debug|x64
		{8974F87B-F428-42EB-8D8D-21EDDC248F02}.Debug|x86.ActiveCfg = Debug|Win32
		{8974F87B-F428-42EB-8D8D-21EDDC248F02}.Debug|x86.Build.0 = Debug|Win32
		{8974F87B-F428-42EB-8D8D-21EDDC248F02}.Release|x64.ActiveCfg = Release|x64
		{8974F87B-F428-42EB-8D8D-21EDDC248F02}.Release|x64.Build.0 = Release|x64
		{8974F87B-F428-42EB-8D8D-21EDDC248F02}.Release|x86.ActiveCfg = Release|Win32
		{8974F87B-F428-42EB-8D8D-21EDDC248F02}.Release|x86.Build.0 = Release|Win32
		{3ED5E06B-42B7-4686-BC39-A65FCD1A3C75}.Debug|x64.ActiveCfg = Debug|x64
		{3ED5E06B-42B7-4686-BC39-A65FCD1A3C75}.Debug|x64.Build.0 = Debug|x64
		{3ED5E06B-42B7-4686-BC39-A65FCD1A3C75}.Debug|x86.ActiveCfg = Debug|Win32
		{3ED5E06B-42B7-4686-BC39-A65FCD1A3C75}.Debug|x86.Build.0 = Debug|Win32
		{3ED5E06B-42B7-4686-BC39-A65FCD1A3C75}.Release|x64.ActiveCfg = Release|x64
		{3ED5E06B-42B7-4686-BC39-A65FCD1A3C75}.Release|x64.Build.0 = Release|x64
		{3ED5E06B-42B7-4686-BC39-A65FCD1A3C75}.Release|x86.ActiveCfg = Release|Win32
		{3ED5E06B-42B7-4686-BC39-A65FCD1A3C75}.Release|x86.Build.0 = Release|Win32
		{EB7C3B11-A8CB-40C9-83B7-8D74470E29FB}.Debug|x64.ActiveCfg = Debug|x64
		{EB7C3B11-A8CB-40C9-83B7-8D74470E29FB}.Debug|x64.Build.0 = Debug|x64
		{EB7C3B11-A8CB-40C9-83B7-8D74470E29FB}.Debug|x86.ActiveCfg = Debug|Win32
		{EB7C3B11-A8CB-40C9-83B7-8D74470E29FB}.Debug|x86.Build.0 = Debug|Win32
		{EB7C3B11-A8CB-40C9-83B7-8D74470E29FB}.Release|x64.ActiveCfg = Release|x64
		{EB7C3B11-A8CB-40C9-83B7-8D74470E29FB}.Release|x64.Build.0 = Release|x64
		{EB7C3B11-A8CB-40C9-83B7-8D74470E29FB}.Release|x86.ActiveCfg = Release|Win32
		{EB7C3B11-A8CB-40C9-83B7-8D74470E29FB}.Release|x86.Build.0 = Release|Win32
		{07A12917-0FBC-4552-A57F-02D0A35312EB}.Debug|x64.ActiveCfg = Debug|x64
		{07A12917-0FBC-4552-A57F-02D0A35312EB}.Debug|x64.Build.0 = Debug|x64
		{07A12917-0FBC-4552-A57F-02D0A35312EB}.Debug|x86.ActiveCfg = Debug|Win32
		{07A12917-0FBC-4552-A57F-02D0A35312EB}.Debug|x86.Build.0 = Debug|Win32
		{07A12917-0FBC-4552-A57F-02D0A35312EB}.Release|x64.ActiveCfg = Release|x64
		{07A12917-0FBC-4552-A57F-02D0A35312EB}.Release|x64.Build.0 = Release|x64
		{07A12917-0FBC-4552-A57F-02D0A35312EB}.Release|x86.ActiveCfg = Release|Win32
		{07A12917-0FBC-4552-A57F-02D0A35312EB}.Release|x86.Build.0 = Release|Win32
		{5AF4BBC4-9B5A-48A3-972B-502F7743C30A}.Debug|x64.ActiveCfg = Debug|x64
		{5AF4BBC4-9B5A-48A3-972B-502F7743C30A}.Debug|x64.Build.0 = Debug|x64
		{5AF4BBC4-9B5A-48A3-972B-502F7743C30A}.Debug|x86.ActiveCfg = Debug|Win32
		{5AF4BBC4-9B5A-48A3-972B-502F7743C30A}.Debug|x86.Build.0 = Debug|Win32
		{5AF4BBC4-9B5A-48A3-972B-502F7743C30A}.Release|x64.ActiveCfg = Release|x64
		{5AF4BBC4-9B5A-48A3-972B-502F7743C30A}.Release|x64.Build.0 = Release|x64
		{5AF4BBC4-9B5A-48A3-972B-502F7743C30A}.Release|x86.ActiveCfg = Release|Win32
		{5AF4BBC4-9B5A-48A3-972B-502F7743C30A}.Release|x86.Build.0 = Release|Win32
		{C600838C-CFB3-4C94-82AD-96F29E42EFB6}.Debug|x64.ActiveCfg = Debug|x64
		{C600838C-CFB3-4C94-82AD-96F29E42EFB6}.Debug|x64.Build.0 = Debug|x64
		{C600838C-CFB3-4C94-82AD-96F29E42EFB6}.Debug|x86.ActiveCfg = Debug|Win32
		{C600838C-CFB3-4C94-82AD-96F29E42EFB6}.Debug|x86.Build.0 = Debug|Win32
		{C600838C-CFB3-4C94-82AD-96F29E42EFB6}.Release|x64.ActiveCfg = Release|x64
		{C600838C-CFB3-4C94-82AD-96F29E42EFB6}.Release|x64.Build.0 = Release|x64
		{C600838C-CFB3-4C94-82AD-96F29E42EFB6}.Release|x86.ActiveCfg = Release|Win32
		{C600838C-CFB3-4C94-82AD-96F29E42EFB6}.Release|x86.Build.0 = Release|Win32
		{2E85C8E9-1308-4648-A65C-C45F10DD0C25}.Debug|x64.ActiveCfg = Debug|x64
		{2E85C8E9-1308-4648-A65C-C45F10DD0C25}.Debug|x64.Build.0 = Debug|x64
		{2E85C8E9-1308-4648-A65C-C45F10DD0C25}.Debug|x86.ActiveCfg = Debug|Win32
		{2E85C8E9-1308-4648-A65C-C45F10DD0C25}.Debug|x86.Build.0 = Debug|Win32
		{2E85C8E9-1308-4648-A65C-C45F10DD0C25}.Release|x64.ActiveCfg = Release|x64
		{2E85C8E9-1308-4648-A65C-C45F10DD0C25}.Release|x64.Build.0 = Release|x64
		{2E85C8E9-1308-4648-A65C-C45F10DD0C25}.Release|x86.ActiveCfg = Release|Win32
		{2E85C8E9-1308-4648-A65C-C45F10DD0C25}.Release|x86.Build.0 = Release|Win32
		{5AB53777-B84B-41BA-B490-0DC6BCB412DB}.Debug|x64.ActiveCfg = Debug|x64
		{5AB53777-B84B-41BA-B490-0DC6BCB412DB}.Debug|x64.Build.0 = Debug|x64
		{5AB53777-B84B-41BA-B490-0DC6BCB412DB}.Debug|x86.ActiveCfg = Debug|Win32
		{5AB53777-B84B-41BA-B490-0DC6BCB412DB}.Debug|x86.Build.0 = Debug|Win32
		{5AB53777-B84B-41BA-B490-0DC6BCB412DB}.Release|x64.ActiveCfg = Release|x64
		{5AB53777-B84B-41BA-B490-0DC6BCB412DB}.Release|x64.Build.0 = Release|x64
		{5AB53777-B84B-41BA-B490-0DC6BCB412DB}.Release|x86.ActiveCfg = Release|Win32
		{5AB53777-B84B-41BA-B490-0DC6BCB412DB}.Release|x86.Build.0 = Release|Win32
		{11B5649B-910C-427C-809C-068F49E9544D}.Debug|x64.ActiveCfg = Debug|x64
		{11B5649B-910C-427C-809C-068F49E9544D}.Debug|x64.Build.0 = Debug|x64
		{11B5649B-910C-427C-809C-068F49E9544D}.Debug|x86.ActiveCfg = Debug|Win32
		{11B5649B-910C-427C-809C-068F49E9544D}.Debug|x86.Build.0 = Debug|Win32
		{11B5649B-910C-427C-809C-068F49E9544D}.Release|x64.ActiveCfg = Release|x64
		{11B5649B-910C-427C-809C-068F49E9544D}.Release|x64.Build.0 = Release|x64
		{11B5649B-910C-427C-809C-068F49E9544D}.Release|x86.ActiveCfg = Release|Win32
		{11B5649B-910C-427C-809C-068F49E9544D}.Release|x86.Build.0 = Release|Win32
		{7152B15F-76B7-455C-93BD-F44757060329}.Debug|x64.ActiveCfg = Debug|x64
		{7152B15F-76B7-455C-93BD-F44757060329}.Debug|x64.Build.0 = Debug|x64
		{7152B15F-76B7-455C-93BD-F44757060329}.Debug|x86.ActiveCfg = Debug|Win32
		{7152B15F-76B7-455C-93BD-F44757060329}.Debug|x86.Build.0 = Debug|Win32
		{7152B15F-76B7-455C-93BD-F44757060329}.Release|x64.ActiveCfg = Release|x64
		{7152B15F-76B7-455C-93BD-F44757060329}.Release|x64.Build.0 = Release|x64
		{7152B15F-76B7-455C-93BD-F44757060329}.Release|x86.ActiveCfg = Release|Win32
		{7152B15F-76B7-455C-93BD-F44757060329}.Release|x86.Build.0 = Release|Win32
		{5979F64F-77F0-4C4D-9330-332C29C3CD4D}.Debug|x64.ActiveCfg = Debug|x64
		{5979F64F-77F0-4C4D-9330-332C29C3CD4D}.Debug|x64.Build.0 = Debug|x64
		{5979F64F-77F0-4C4D-9330-332C29C3CD4D}.Debug|x86.ActiveCfg = Debug|Win32
		{5979F64F-77F0-4C4D-9330-332C29C3CD4D}.Debug|x86.Build.0 = Debug|Win32
		{5979F64F-77F0-4C4D-9330-332C29C3CD4D}.Release|x64.ActiveCfg = Release|x64
		{5979F64F-77F0-4C4D-9330-332C29C3CD4D}.Release|x64.Build.0 = Release|x64
		{5979F64F-77F0-4C4D-9330-332C29C3CD4D}.Release|x86.ActiveCfg = Release|Win32
		{5979F64F-77F0-4C4D-9330-332C29C3CD4D}.Release|x86.Build.0 = Release|Win32
		{BC0453FB-9A4E-4F8C-B3CE-E9C69F45E3D8}.Debug|x64.ActiveCfg = Debug|x64
		{BC0453FB-9A4E-4F8C-B3CE-E9C69F45E3D8}.Debug|x64.Build.0 = Debug|x64
		{BC0453FB-9A4E-4F8C-B3CE-E9C69F45E3D8}.Debug|x86.ActiveCfg = Debug|Win32
		{BC0453FB-9A4E-4F8C-B3CE-E9C69F45E3D8}.Debug|x86.Build.0 = Debug|Win32
		{BC0453FB-9A4E-4F8C-B3CE-E9C69F45E3D8}.Release|x64.ActiveCfg = Release|x64
		{BC0453FB-9A4E-4F8C-B3CE-E9C69F45E3D8}.Release|x64.Build.0 = Release|x64
		{BC0453FB-9A4E-4F8C-B3CE-E9C69F45E3D8}.Release|x86.ActiveCfg = Release|Win32
		{BC0453FB-9A4E-4F8C-B3CE-E9C69F45E3D8}.Release|x86.Build.0 = Release|Win32
		{34556CE7-7A6D-4AB0-9D38-3DB21E090604}.Debug|x64.ActiveCfg = Debug|x64
		{34556CE7-7A6D-4AB0-9D38-3DB21E090604}.Debug|x64.Build.0 = Debug|x64
		{34556CE7-7A6D-4AB0-9D38-3DB21E090604}.Debug|x86.ActiveCfg = Debug|Win32
		{34556CE7-7A6D-4AB0-9D38-3DB21E090604}.Debug|x86.Build.0 = Debug|Win32
		{34556CE7-7A6D-4AB0-9D38-3DB21E090604}.Release|x64.ActiveCfg = Release|x64
		{34556CE7-7A6D-4AB0-9D38-3DB21E090604}.Release|x64.Build.0 = Release|x64
		{34556CE7-7A6D-4AB0-9D38-3DB21E090604}.Release|x86.ActiveCfg = Release|Win32
		{34556CE7-7A6D-4AB0-9D38-3DB21E090604}.Release|x86.Build.0 = Release|Win32
		{4BCBBA6E-19C0-4294-A030-079E9649FD87}.Debug|x64.ActiveCfg = Debug|x64
		{4BCBBA6E-19C0-4294-A030-079E9649FD87}.Debug|x64.Build.0 = Debug|x64
		{4BCBBA6E-19C0-4294-A030-079E9649FD87}.Debug|x86.ActiveCfg = Debug|Win32
		{4BCBBA6E-19C0-4294-A030-079E9649FD87}.Debug|x86.Build.0 = Debug|Win32
		{4BCBBA6E-19C0-4294-A030-079E9649FD87}.Release|x64.ActiveCfg = Release|x64
		{4BCBBA6E-19C0-4294-A030-079E9649FD87}.Release|x64.Build.0 = Release|x64
		{4BCBBA6E-19C0-4294-A030-079E9649FD87}.Release|x86.ActiveCfg = Release|Win32
		{4BCBBA6E-19C0-4294-A030-079E9649FD87}.Release|x86.Build.0 = Release|Win32
		{512AB233-5AE1-407D-A436-549D40DFB4DA}.Debug|x64.ActiveCfg = Debug|x64
		{512AB233-5AE1-407D-A436-549D40DFB4DA}.Debug|x64.Build.0 = Debug|x64
		{512AB233-5AE1-407D-A436-549D40DFB4DA}.Debug|x86.ActiveCfg = Debug|Win32
		{512AB233-5AE1-407D-A436-549D40DFB4DA}.Debug|x86.Build.0 = Debug|Win32
		{512AB233-5AE1-407D-A436-549D40DFB4DA}.Release|x64.ActiveCfg = Release|x64
		{512AB233-5AE1-407D-A436-549D40DFB4DA}.Release|x64.Build.0 = Release|x64
		{512AB233-5AE1-407D-A436-549D40DFB4DA}.Release|x86.ActiveCfg = Release|Win32
		{512AB233-5AE1-407D-A436-549D40DFB4DA}.Release|x86.Build.0 = Release|Win32
		{E9750A73-1F16-48BD-84B5-52AA6C076F25}.Debug|x64.ActiveCfg = Debug|x64
		{E9750A73-1F16-48BD-84B5-52AA6C076F25}.Debug|x64.Build.0 = Debug|x64
		{E9750A73-1F16-48BD-84B5-52AA6C076F25}.Debug|x86.ActiveCfg = Debug|Win32
		{E9750A73-1F16-48BD-84B5-52AA6C076F25}.Debug|x86.Build.0 = Debug|Win32
		{E9750A73-1F16-48BD-84B5-52AA6C076F25}.Release|x64.ActiveCfg = Release|x64
		{E9750A73-1F16-48BD-84B5-52AA6C076F25}.Release|x64.Build.0 = Release|x64
		{E9750A73-1F16-48BD-84B5-52AA6C076F25}.Release|x86.ActiveCfg = Release|Win32
		{E9750A73-1F16-48BD-84B5-52AA6C076F25}.Release|x86.Build.0 = Release|Win32
		{F73A0FDD-03F6-4FF7-8D8C-989825E23445}.Debug|x64.ActiveCfg = Debug|x64
		{F73A0FDD-03F6-4FF7-8D8C-989825E23445}.Debug|x64.Build.0 = Debug|x64
		{F73A0FDD-03F6-4FF7-8D8C-989825E23445}.Debug|x86.ActiveCfg = Debug|Win32
		{F73A0FDD-03F6-4FF7-8D8C-989825E23445}.Debug|x86.Build.0 = Debug|Win32
		{F73A0FDD-03F6-4FF7-8D8C-989825E23445}.Release|x64.ActiveCfg = Release|x64
		{F73A0FDD-03F6-4FF7-8D8C-989825E23445}.Release|x64.Build.0 = Release|x64
		{F73A0FDD-03F6-4FF7-8D8C-989825E23445}.Release|x86.ActiveCfg = Release|Win32
		{F73A0FDD-03F6-4FF7-8D8C-989825E23445}.Release|x86.Build.0 = Release|Win32
		{E9D5A1DE-FE8A-4378-9FC8-22549BF9F122}.Debug|x64.ActiveCfg = Debug|x64
		{E9D5A1DE-FE8A-4378-9FC8-22549BF9F122}.Debug|x64.Build.0 = Debug|x64
		{E9D5A1DE-FE8A-4378-9FC8-22549BF9F122}.Debug|x86.ActiveCfg = Debug|Win32
		{E9D5A1DE-FE8A-4378-9FC8-22549BF9F122}.Debug|x86.Build.0 = Debug|Win32
		{E9D5A1DE-FE8A-4378-9FC8-22549BF9F122}.Release|x64.ActiveCfg = Release|x64
		{E9D5A1DE-FE8A-4378-9FC8-22549BF9F122}.Release|x64.Build.0 = Release|x64
		{E9D5A1DE-FE8A-4378-9FC8-22549BF9F122}.Release|x86.ActiveCfg = Release|Win32
		{E9D5A1DE-FE8A-4378-9FC8-22549BF9F122}.Release|x86.Build.0 = Release|Win32
		{EC8D4EBA-ED43-48FE-9C4F-040D7EFA6C5F}.Debug|x64.ActiveCfg = Debug|x64
		{EC8D4EBA-ED43-48FE-9C4F-040D7EFA6C5F}.Debug|x64.Build.0 = Debug|x64
		{EC8D4EBA-ED43-48FE-9C4F-040D7EFA6C5F}.Debug|x86.ActiveCfg = Debug|Win32
		{EC8D4EBA-ED43-48FE-9C4F-040D7EFA6C5F}.Debug|x86.Build.0 = Debug|Win32
		{EC8D4EBA-ED43-48FE-9C4F-040D7EFA6C5F}.Release|x64.ActiveCfg = Release|x64
		{EC8D4EBA-ED43-48FE-9C4F-040D7EFA6C5F}.Release|x64.Build.0 = Release|x64
		{EC8D4EBA-ED43-48FE-9C4F-040D7EFA6C5F}.Release|x86.ActiveCfg = Release|Win32
		{EC8D4EBA-ED43-48FE-9C4F-040D7EFA6C5F}.Release|x86.Build.0 = Release|Win32
		{640ECE68-ACA2-48C4-94E9-CF1ABF0458E4}.Debug|x64.ActiveCfg = Debug|x64
		{640ECE68-ACA2-48C4-94E9-CF1ABF0458E4}.Debug|x64.Build.0 = Debug|x64
		{640ECE68-ACA2-48C4-94E9-CF1ABF0458E4}.Debug|x86.ActiveCfg = Debug|Win32
		{640ECE68-ACA2-48C4-94E9-CF1ABF0458E4}.Debug|x86.Build.0 = Debug|Win32
		{640ECE68-ACA2-48C4-94E9-CF1ABF0458E4}.Release|x64.ActiveCfg = Release|x64
		{640ECE68-ACA2-48C4-94E9-CF1ABF0458E4}.Release|x64.Build.0 = Release|x64
		{640ECE68-ACA2-48C4-94E9-CF1ABF0458E4}.Release|x86.ActiveCfg = Release|Win32
		{640ECE68-ACA2-48C4-94E9-CF1ABF0458E4}.Release|x86.Build.0 = Release|Win32
	EndGlobalSection
	GlobalSection(SolutionProperties) = preSolution
		HideSolutionNode = FALSE
	EndGlobalSection
	GlobalSection(NestedProjects) = preSolution
		{55BB8BBB-F0F1-415E-8274-40BC4CD57D13} = {158429C5-2A04-4058-A99D-4B908F2C0EE9}
		{EB7C3B11-A8CB-40C9-83B7-8D74470E29FB} = {158429C5-2A04-4058-A99D-4B908F2C0EE9}
		{07A12917-0FBC-4552-A57F-02D0A35312EB} = {524B3D9C-81D9-4C21-A874-CB9AED0C0089}
		{5AF4BBC4-9B5A-48A3-972B-502F7743C30A} = {524B3D9C-81D9-4C21-A874-CB9AED0C0089}
		{11B5649B-910C-427C-809C-068F49E9544D} = {524B3D9C-81D9-4C21-A874-CB9AED0C0089}
	EndGlobalSection
	GlobalSection(ExtensibilityGlobals) = postSolution
		SolutionGuid = {28052CD4-8BE6-446C-A8AE-CDBD2A71EA8B}
	EndGlobalSection
EndGlobal
